// !$*UTF8*$!
{
	archiveVersion = 1;
	classes = {
	};
	objectVersion = 50;
	objects = {

/* Begin PBXBuildFile section */
		2961D10A236D53B600BDE5C3 /* AppDelegate.swift in Sources */ = {isa = PBXBuildFile; fileRef = 2961D109236D53B600BDE5C3 /* AppDelegate.swift */; };
		2961D10C236D53B600BDE5C3 /* SceneDelegate.swift in Sources */ = {isa = PBXBuildFile; fileRef = 2961D10B236D53B600BDE5C3 /* SceneDelegate.swift */; };
		2961D10E236D53B600BDE5C3 /* ContentView.swift in Sources */ = {isa = PBXBuildFile; fileRef = 2961D10D236D53B600BDE5C3 /* ContentView.swift */; };
		2961D110236D53B800BDE5C3 /* Assets.xcassets in Resources */ = {isa = PBXBuildFile; fileRef = 2961D10F236D53B800BDE5C3 /* Assets.xcassets */; };
		2961D113236D53B800BDE5C3 /* Preview Assets.xcassets in Resources */ = {isa = PBXBuildFile; fileRef = 2961D112236D53B800BDE5C3 /* Preview Assets.xcassets */; };
		2961D116236D53B800BDE5C3 /* LaunchScreen.storyboard in Resources */ = {isa = PBXBuildFile; fileRef = 2961D114236D53B800BDE5C3 /* LaunchScreen.storyboard */; };
		2961D11E236D5A7A00BDE5C3 /* Frog.swift in Sources */ = {isa = PBXBuildFile; fileRef = 2961D11D236D5A7A00BDE5C3 /* Frog.swift */; };
		2961D120236D5C8000BDE5C3 /* FrogItem.swift in Sources */ = {isa = PBXBuildFile; fileRef = 2961D11F236D5C8000BDE5C3 /* FrogItem.swift */; };
		2961D122236D5F8300BDE5C3 /* FrogDetail.swift in Sources */ = {isa = PBXBuildFile; fileRef = 2961D121236D5F8300BDE5C3 /* FrogDetail.swift */; };
/* End PBXBuildFile section */

/* Begin PBXFileReference section */
		2961D106236D53B600BDE5C3 /* FlogPictureBook.app */ = {isa = PBXFileReference; explicitFileType = wrapper.application; includeInIndex = 0; path = FlogPictureBook.app; sourceTree = BUILT_PRODUCTS_DIR; };
		2961D109236D53B600BDE5C3 /* AppDelegate.swift */ = {isa = PBXFileReference; lastKnownFileType = sourcecode.swift; path = AppDelegate.swift; sourceTree = "<group>"; };
		2961D10B236D53B600BDE5C3 /* SceneDelegate.swift */ = {isa = PBXFileReference; lastKnownFileType = sourcecode.swift; path = SceneDelegate.swift; sourceTree = "<group>"; };
		2961D10D236D53B600BDE5C3 /* ContentView.swift */ = {isa = PBXFileReference; lastKnownFileType = sourcecode.swift; path = ContentView.swift; sourceTree = "<group>"; };
		2961D10F236D53B800BDE5C3 /* Assets.xcassets */ = {isa = PBXFileReference; lastKnownFileType = folder.assetcatalog; path = Assets.xcassets; sourceTree = "<group>"; };
		2961D112236D53B800BDE5C3 /* Preview Assets.xcassets */ = {isa = PBXFileReference; lastKnownFileType = folder.assetcatalog; path = "Preview Assets.xcassets"; sourceTree = "<group>"; };
		2961D115236D53B800BDE5C3 /* Base */ = {isa = PBXFileReference; lastKnownFileType = file.storyboard; name = Base; path = Base.lproj/LaunchScreen.storyboard; sourceTree = "<group>"; };
		2961D117236D53B800BDE5C3 /* Info.plist */ = {isa = PBXFileReference; lastKnownFileType = text.plist.xml; path = Info.plist; sourceTree = "<group>"; };
		2961D11D236D5A7A00BDE5C3 /* Frog.swift */ = {isa = PBXFileReference; lastKnownFileType = sourcecode.swift; path = Frog.swift; sourceTree = "<group>"; };
		2961D11F236D5C8000BDE5C3 /* FrogItem.swift */ = {isa = PBXFileReference; lastKnownFileType = sourcecode.swift; path = FrogItem.swift; sourceTree = "<group>"; };
		2961D121236D5F8300BDE5C3 /* FrogDetail.swift */ = {isa = PBXFileReference; lastKnownFileType = sourcecode.swift; path = FrogDetail.swift; sourceTree = "<group>"; };
/* End PBXFileReference section */

/* Begin PBXFrameworksBuildPhase section */
		2961D103236D53B600BDE5C3 /* Frameworks */ = {
			isa = PBXFrameworksBuildPhase;
			buildActionMask = 2147483647;
			files = (
			);
			runOnlyForDeploymentPostprocessing = 0;
		};
/* End PBXFrameworksBuildPhase section */

/* Begin PBXGroup section */
		2961D0FD236D53B600BDE5C3 = {
			isa = PBXGroup;
			children = (
				2961D108236D53B600BDE5C3 /* FlogPictureBook */,
				2961D107236D53B600BDE5C3 /* Products */,
			);
			sourceTree = "<group>";
		};
		2961D107236D53B600BDE5C3 /* Products */ = {
			isa = PBXGroup;
			children = (
				2961D106236D53B600BDE5C3 /* FlogPictureBook.app */,
			);
			name = Products;
			sourceTree = "<group>";
		};
		2961D108236D53B600BDE5C3 /* FlogPictureBook */ = {
			isa = PBXGroup;
			children = (
				2961D109236D53B600BDE5C3 /* AppDelegate.swift */,
				2961D10B236D53B600BDE5C3 /* SceneDelegate.swift */,
				2961D10D236D53B600BDE5C3 /* ContentView.swift */,
				2961D10F236D53B800BDE5C3 /* Assets.xcassets */,
				2961D114236D53B800BDE5C3 /* LaunchScreen.storyboard */,
				2961D117236D53B800BDE5C3 /* Info.plist */,
				2961D111236D53B800BDE5C3 /* Preview Content */,
				2961D11D236D5A7A00BDE5C3 /* Frog.swift */,
				2961D11F236D5C8000BDE5C3 /* FrogItem.swift */,
				2961D121236D5F8300BDE5C3 /* FrogDetail.swift */,
			);
			path = FlogPictureBook;
			sourceTree = "<group>";
		};
		2961D111236D53B800BDE5C3 /* Preview Content */ = {
			isa = PBXGroup;
			children = (
				2961D112236D53B800BDE5C3 /* Preview Assets.xcassets */,
			);
			path = "Preview Content";
			sourceTree = "<group>";
		};
/* End PBXGroup section */

/* Begin PBXNativeTarget section */
		2961D105236D53B600BDE5C3 /* FlogPictureBook */ = {
			isa = PBXNativeTarget;
			buildConfigurationList = 2961D11A236D53B800BDE5C3 /* Build configuration list for PBXNativeTarget "FlogPictureBook" */;
			buildPhases = (
				2961D102236D53B600BDE5C3 /* Sources */,
				2961D103236D53B600BDE5C3 /* Frameworks */,
				2961D104236D53B600BDE5C3 /* Resources */,
			);
			buildRules = (
			);
			dependencies = (
			);
			name = FlogPictureBook;
			productName = FlogPictureBook;
			productReference = 2961D106236D53B600BDE5C3 /* FlogPictureBook.app */;
			productType = "com.apple.product-type.application";
		};
/* End PBXNativeTarget section */

/* Begin PBXProject section */
		2961D0FE236D53B600BDE5C3 /* Project object */ = {
			isa = PBXProject;
			attributes = {
				LastSwiftUpdateCheck = 1110;
				LastUpgradeCheck = 1110;
				ORGANIZATIONNAME = y.ryoga;
				TargetAttributes = {
					2961D105236D53B600BDE5C3 = {
						CreatedOnToolsVersion = 11.1;
					};
				};
			};
			buildConfigurationList = 2961D101236D53B600BDE5C3 /* Build configuration list for PBXProject "FlogPictureBook" */;
			compatibilityVersion = "Xcode 9.3";
			developmentRegion = en;
			hasScannedForEncodings = 0;
			knownRegions = (
				en,
				Base,
			);
			mainGroup = 2961D0FD236D53B600BDE5C3;
			productRefGroup = 2961D107236D53B600BDE5C3 /* Products */;
			projectDirPath = "";
			projectRoot = "";
			targets = (
				2961D105236D53B600BDE5C3 /* FlogPictureBook */,
			);
		};
/* End PBXProject section */

/* Begin PBXResourcesBuildPhase section */
		2961D104236D53B600BDE5C3 /* Resources */ = {
			isa = PBXResourcesBuildPhase;
			buildActionMask = 2147483647;
			files = (
				2961D116236D53B800BDE5C3 /* LaunchScreen.storyboard in Resources */,
				2961D113236D53B800BDE5C3 /* Preview Assets.xcassets in Resources */,
				2961D110236D53B800BDE5C3 /* Assets.xcassets in Resources */,
			);
			runOnlyForDeploymentPostprocessing = 0;
		};
/* End PBXResourcesBuildPhase section */

/* Begin PBXSourcesBuildPhase section */
		2961D102236D53B600BDE5C3 /* Sources */ = {
			isa = PBXSourcesBuildPhase;
			buildActionMask = 2147483647;
			files = (
				2961D10A236D53B600BDE5C3 /* AppDelegate.swift in Sources */,
				2961D120236D5C8000BDE5C3 /* FrogItem.swift in Sources */,
				2961D122236D5F8300BDE5C3 /* FrogDetail.swift in Sources */,
				2961D11E236D5A7A00BDE5C3 /* Frog.swift in Sources */,
				2961D10C236D53B600BDE5C3 /* SceneDelegate.swift in Sources */,
				2961D10E236D53B600BDE5C3 /* ContentView.swift in Sources */,
			);
			runOnlyForDeploymentPostprocessing = 0;
		};
/* End PBXSourcesBuildPhase section */

/* Begin PBXVariantGroup section */
		2961D114236D53B800BDE5C3 /* LaunchScreen.storyboard */ = {
			isa = PBXVariantGroup;
			children = (
				2961D115236D53B800BDE5C3 /* Base */,
			);
			name = LaunchScreen.storyboard;
			sourceTree = "<group>";
		};
/* End PBXVariantGroup section */

/* Begin XCBuildConfiguration section */
		2961D118236D53B800BDE5C3 /* Debug */ = {
			isa = XCBuildConfiguration;
			buildSettings = {
				ALWAYS_SEARCH_USER_PATHS = NO;
				CLANG_ANALYZER_NONNULL = YES;
				CLANG_ANALYZER_NUMBER_OBJECT_CONVERSION = YES_AGGRESSIVE;
				CLANG_CXX_LANGUAGE_STANDARD = "gnu++14";
				CLANG_CXX_LIBRARY = "libc++";
				CLANG_ENABLE_MODULES = YES;
				CLANG_ENABLE_OBJC_ARC = YES;
				CLANG_ENABLE_OBJC_WEAK = YES;
				CLANG_WARN_BLOCK_CAPTURE_AUTORELEASING = YES;
				CLANG_WARN_BOOL_CONVERSION = YES;
				CLANG_WARN_COMMA = YES;
				CLANG_WARN_CONSTANT_CONVERSION = YES;
				CLANG_WARN_DEPRECATED_OBJC_IMPLEMENTATIONS = YES;
				CLANG_WARN_DIRECT_OBJC_ISA_USAGE = YES_ERROR;
				CLANG_WARN_DOCUMENTATION_COMMENTS = YES;
				CLANG_WARN_EMPTY_BODY = YES;
				CLANG_WARN_ENUM_CONVERSION = YES;
				CLANG_WARN_INFINITE_RECURSION = YES;
				CLANG_WARN_INT_CONVERSION = YES;
				CLANG_WARN_NON_LITERAL_NULL_CONVERSION = YES;
				CLANG_WARN_OBJC_IMPLICIT_RETAIN_SELF = YES;
				CLANG_WARN_OBJC_LITERAL_CONVERSION = YES;
				CLANG_WARN_OBJC_ROOT_CLASS = YES_ERROR;
				CLANG_WARN_RANGE_LOOP_ANALYSIS = YES;
				CLANG_WARN_STRICT_PROTOTYPES = YES;
				CLANG_WARN_SUSPICIOUS_MOVE = YES;
				CLANG_WARN_UNGUARDED_AVAILABILITY = YES_AGGRESSIVE;
				CLANG_WARN_UNREACHABLE_CODE = YES;
				CLANG_WARN__DUPLICATE_METHOD_MATCH = YES;
				COPY_PHASE_STRIP = NO;
				DEBUG_INFORMATION_FORMAT = dwarf;
				ENABLE_STRICT_OBJC_MSGSEND = YES;
				ENABLE_TESTABILITY = YES;
				GCC_C_LANGUAGE_STANDARD = gnu11;
				GCC_DYNAMIC_NO_PIC = NO;
				GCC_NO_COMMON_BLOCKS = YES;
				GCC_OPTIMIZATION_LEVEL = 0;
				GCC_PREPROCESSOR_DEFINITIONS = (
					"DEBUG=1",
					"$(inherited)",
				);
				GCC_WARN_64_TO_32_BIT_CONVERSION = YES;
				GCC_WARN_ABOUT_RETURN_TYPE = YES_ERROR;
				GCC_WARN_UNDECLARED_SELECTOR = YES;
				GCC_WARN_UNINITIALIZED_AUTOS = YES_AGGRESSIVE;
				GCC_WARN_UNUSED_FUNCTION = YES;
				GCC_WARN_UNUSED_VARIABLE = YES;
				IPHONEOS_DEPLOYMENT_TARGET = 13.1;
				MTL_ENABLE_DEBUG_INFO = INCLUDE_SOURCE;
				MTL_FAST_MATH = YES;
				ONLY_ACTIVE_ARCH = YES;
				SDKROOT = iphoneos;
				SWIFT_ACTIVE_COMPILATION_CONDITIONS = DEBUG;
				SWIFT_OPTIMIZATION_LEVEL = "-Onone";
			};
			name = Debug;
		};
		2961D119236D53B800BDE5C3 /* Release */ = {
			isa = XCBuildConfiguration;
			buildSettings = {
				ALWAYS_SEARCH_USER_PATHS = NO;
				CLANG_ANALYZER_NONNULL = YES;
				CLANG_ANALYZER_NUMBER_OBJECT_CONVERSION = YES_AGGRESSIVE;
				CLANG_CXX_LANGUAGE_STANDARD = "gnu++14";
				CLANG_CXX_LIBRARY = "libc++";
				CLANG_ENABLE_MODULES = YES;
				CLANG_ENABLE_OBJC_ARC = YES;
				CLANG_ENABLE_OBJC_WEAK = YES;
				CLANG_WARN_BLOCK_CAPTURE_AUTORELEASING = YES;
				CLANG_WARN_BOOL_CONVERSION = YES;
				CLANG_WARN_COMMA = YES;
				CLANG_WARN_CONSTANT_CONVERSION = YES;
				CLANG_WARN_DEPRECATED_OBJC_IMPLEMENTATIONS = YES;
				CLANG_WARN_DIRECT_OBJC_ISA_USAGE = YES_ERROR;
				CLANG_WARN_DOCUMENTATION_COMMENTS = YES;
				CLANG_WARN_EMPTY_BODY = YES;
				CLANG_WARN_ENUM_CONVERSION = YES;
				CLANG_WARN_INFINITE_RECURSION = YES;
				CLANG_WARN_INT_CONVERSION = YES;
				CLANG_WARN_NON_LITERAL_NULL_CONVERSION = YES;
				CLANG_WARN_OBJC_IMPLICIT_RETAIN_SELF = YES;
				CLANG_WARN_OBJC_LITERAL_CONVERSION = YES;
				CLANG_WARN_OBJC_ROOT_CLASS = YES_ERROR;
				CLANG_WARN_RANGE_LOOP_ANALYSIS = YES;
				CLANG_WARN_STRICT_PROTOTYPES = YES;
				CLANG_WARN_SUSPICIOUS_MOVE = YES;
				CLANG_WARN_UNGUARDED_AVAILABILITY = YES_AGGRESSIVE;
				CLANG_WARN_UNREACHABLE_CODE = YES;
				CLANG_WARN__DUPLICATE_METHOD_MATCH = YES;
				COPY_PHASE_STRIP = NO;
				DEBUG_INFORMATION_FORMAT = "dwarf-with-dsym";
				ENABLE_NS_ASSERTIONS = NO;
				ENABLE_STRICT_OBJC_MSGSEND = YES;
				GCC_C_LANGUAGE_STANDARD = gnu11;
				GCC_NO_COMMON_BLOCKS = YES;
				GCC_WARN_64_TO_32_BIT_CONVERSION = YES;
				GCC_WARN_ABOUT_RETURN_TYPE = YES_ERROR;
				GCC_WARN_UNDECLARED_SELECTOR = YES;
				GCC_WARN_UNINITIALIZED_AUTOS = YES_AGGRESSIVE;
				GCC_WARN_UNUSED_FUNCTION = YES;
				GCC_WARN_UNUSED_VARIABLE = YES;
				IPHONEOS_DEPLOYMENT_TARGET = 13.1;
				MTL_ENABLE_DEBUG_INFO = NO;
				MTL_FAST_MATH = YES;
				SDKROOT = iphoneos;
				SWIFT_COMPILATION_MODE = wholemodule;
				SWIFT_OPTIMIZATION_LEVEL = "-O";
				VALIDATE_PRODUCT = YES;
			};
			name = Release;
		};
		2961D11B236D53B800BDE5C3 /* Debug */ = {
			isa = XCBuildConfiguration;
			buildSettings = {
				ASSETCATALOG_COMPILER_APPICON_NAME = AppIcon;
				CODE_SIGN_STYLE = Automatic;
				DEVELOPMENT_ASSET_PATHS = "\"FlogPictureBook/Preview Content\"";
				DEVELOPMENT_TEAM = 3XT8D29F4A;
				ENABLE_PREVIEWS = YES;
				INFOPLIST_FILE = FlogPictureBook/Info.plist;
				LD_RUNPATH_SEARCH_PATHS = (
					"$(inherited)",
					"@executable_path/Frameworks",
				);
				PRODUCT_BUNDLE_IDENTIFIER = y.ryoga.FlogPictureBook;
				PRODUCT_NAME = "$(TARGET_NAME)";
				SWIFT_VERSION = 5.0;
				TARGETED_DEVICE_FAMILY = "1,2";
			};
			name = Debug;
		};
		2961D11C236D53B800BDE5C3 /* Release */ = {
			isa = XCBuildConfiguration;
			buildSettings = {
				ASSETCATALOG_COMPILER_APPICON_NAME = AppIcon;
				CODE_SIGN_STYLE = Automatic;
				DEVELOPMENT_ASSET_PATHS = "\"FlogPictureBook/Preview Content\"";
				DEVELOPMENT_TEAM = 3XT8D29F4A;
				ENABLE_PREVIEWS = YES;
				INFOPLIST_FILE = FlogPictureBook/Info.plist;
				LD_RUNPATH_SEARCH_PATHS = (
					"$(inherited)",
					"@executable_path/Frameworks",
				);
				PRODUCT_BUNDLE_IDENTIFIER = y.ryoga.FlogPictureBook;
				PRODUCT_NAME = "$(TARGET_NAME)";
				SWIFT_VERSION = 5.0;
				TARGETED_DEVICE_FAMILY = "1,2";
			};
			name = Release;
		};
/* End XCBuildConfiguration section */

/* Begin XCConfigurationList section */
		2961D101236D53B600BDE5C3 /* Build configuration list for PBXProject "FlogPictureBook" */ = {
			isa = XCConfigurationList;
			buildConfigurations = (
				2961D118236D53B800BDE5C3 /* Debug */,
				2961D119236D53B800BDE5C3 /* Release */,
			);
			defaultConfigurationIsVisible = 0;
			defaultConfigurationName = Release;
		};
		2961D11A236D53B800BDE5C3 /* Build configuration list for PBXNativeTarget "FlogPictureBook" */ = {
			isa = XCConfigurationList;
			buildConfigurations = (
				2961D11B236D53B800BDE5C3 /* Debug */,
				2961D11C236D53B800BDE5C3 /* Release */,
			);
			defaultConfigurationIsVisible = 0;
			defaultConfigurationName = Release;
		};
/* End XCConfigurationList section */
	};
	rootObject = 2961D0FE236D53B600BDE5C3 /* Project object */;
}
